
Microsoft Visual Studio Solution File, Format Version 12.00
# Visual Studio Version 17
VisualStudioVersion = 17.0.31903.59
MinimumVisualStudioVersion = 10.0.40219.1
Project("{FAE04EC0-301F-11D3-BF4B-00C04F79EFBC}") = "API", "API\API.csproj", "{FE5E91C0-8D0F-4CCA-9BC5-7022D19B98BD}"
EndProject
Global
	GlobalSection(SolutionConfigurationPlatforms) = preSolution
		Debug|Any CPU = Debug|Any CPU
		Release|Any CPU = Release|Any CPU
	EndGlobalSection
	GlobalSection(SolutionProperties) = preSolution
		HideSolutionNode = FALSE
	EndGlobalSection
	GlobalSection(ProjectConfigurationPlatforms) = postSolution
		{FE5E91C0-8D0F-4CCA-9BC5-7022D19B98BD}.Debug|Any CPU.ActiveCfg = Debug|Any CPU
		{FE5E91C0-8D0F-4CCA-9BC5-7022D19B98BD}.Debug|Any CPU.Build.0 = Debug|Any CPU
		{FE5E91C0-8D0F-4CCA-9BC5-7022D19B98BD}.Release|Any CPU.ActiveCfg = Release|Any CPU
		{FE5E91C0-8D0F-4CCA-9BC5-7022D19B98BD}.Release|Any CPU.Build.0 = Release|Any CPU
	EndGlobalSection
EndGlobal
